
Microsoft Visual Studio Solution File, Format Version 12.00
# Visual Studio 15
VisualStudioVersion = 15.0.27703.2000
MinimumVisualStudioVersion = 10.0.40219.1
Project("{FAE04EC0-301F-11D3-BF4B-00C04F79EFBC}") = "condominio", "condominio\condominio.csproj", "{5480212E-B98D-4D0B-A877-502D239078A3}"
EndProject
Global
	GlobalSection(SolutionConfigurationPlatforms) = preSolution
		Debug|Any CPU = Debug|Any CPU
		Release|Any CPU = Release|Any CPU
	EndGlobalSection
	GlobalSection(ProjectConfigurationPlatforms) = postSolution
		{5480212E-B98D-4D0B-A877-502D239078A3}.Debug|Any CPU.ActiveCfg = Debug|Any CPU
		{5480212E-B98D-4D0B-A877-502D239078A3}.Debug|Any CPU.Build.0 = Debug|Any CPU
		{5480212E-B98D-4D0B-A877-502D239078A3}.Release|Any CPU.ActiveCfg = Release|Any CPU
		{5480212E-B98D-4D0B-A877-502D239078A3}.Release|Any CPU.Build.0 = Release|Any CPU
	EndGlobalSection
	GlobalSection(SolutionProperties) = preSolution
		HideSolutionNode = FALSE
	EndGlobalSection
	GlobalSection(ExtensibilityGlobals) = postSolution
		SolutionGuid = {0133925F-4030-4E50-8C66-EC8B90EC8E0C}
	EndGlobalSection
EndGlobal
