
Microsoft Visual Studio Solution File, Format Version 12.00
# Visual Studio 15
VisualStudioVersion = 15.0.27703.2000
MinimumVisualStudioVersion = 10.0.40219.1
Project("{FAE04EC0-301F-11D3-BF4B-00C04F79EFBC}") = "Controllers", "Controllers\Controllers.csproj", "{B1C42722-6BC5-477D-B626-FCD28D9EFA75}"
EndProject
Project("{FAE04EC0-301F-11D3-BF4B-00C04F79EFBC}") = "WpfView", "WpfView\WpfView.csproj", "{130C73ED-F010-4971-A150-2FDC641BD83D}"
EndProject
Project("{FAE04EC0-301F-11D3-BF4B-00C04F79EFBC}") = "Modelos", "Modelos\Modelos.csproj", "{5FB0B0FB-79FB-419F-B460-02C443017ED6}"
EndProject
Project("{FAE04EC0-301F-11D3-BF4B-00C04F79EFBC}") = "ConsoleView", "ConsoleView\ConsoleView.csproj", "{0984065E-F68D-4DFE-9C2B-1C776D3DA281}"
EndProject
Global
	GlobalSection(SolutionConfigurationPlatforms) = preSolution
		Debug|Any CPU = Debug|Any CPU
		Debug|ARM = Debug|ARM
		Debug|x64 = Debug|x64
		Debug|x86 = Debug|x86
		Release|Any CPU = Release|Any CPU
		Release|ARM = Release|ARM
		Release|x64 = Release|x64
		Release|x86 = Release|x86
	EndGlobalSection
	GlobalSection(ProjectConfigurationPlatforms) = postSolution
		{B1C42722-6BC5-477D-B626-FCD28D9EFA75}.Debug|Any CPU.ActiveCfg = Debug|Any CPU
		{B1C42722-6BC5-477D-B626-FCD28D9EFA75}.Debug|Any CPU.Build.0 = Debug|Any CPU
		{B1C42722-6BC5-477D-B626-FCD28D9EFA75}.Debug|ARM.ActiveCfg = Debug|Any CPU
		{B1C42722-6BC5-477D-B626-FCD28D9EFA75}.Debug|ARM.Build.0 = Debug|Any CPU
		{B1C42722-6BC5-477D-B626-FCD28D9EFA75}.Debug|x64.ActiveCfg = Debug|Any CPU
		{B1C42722-6BC5-477D-B626-FCD28D9EFA75}.Debug|x64.Build.0 = Debug|Any CPU
		{B1C42722-6BC5-477D-B626-FCD28D9EFA75}.Debug|x86.ActiveCfg = Debug|Any CPU
		{B1C42722-6BC5-477D-B626-FCD28D9EFA75}.Debug|x86.Build.0 = Debug|Any CPU
		{B1C42722-6BC5-477D-B626-FCD28D9EFA75}.Release|Any CPU.ActiveCfg = Release|Any CPU
		{B1C42722-6BC5-477D-B626-FCD28D9EFA75}.Release|Any CPU.Build.0 = Release|Any CPU
		{B1C42722-6BC5-477D-B626-FCD28D9EFA75}.Release|ARM.ActiveCfg = Release|Any CPU
		{B1C42722-6BC5-477D-B626-FCD28D9EFA75}.Release|ARM.Build.0 = Release|Any CPU
		{B1C42722-6BC5-477D-B626-FCD28D9EFA75}.Release|x64.ActiveCfg = Release|Any CPU
		{B1C42722-6BC5-477D-B626-FCD28D9EFA75}.Release|x64.Build.0 = Release|Any CPU
		{B1C42722-6BC5-477D-B626-FCD28D9EFA75}.Release|x86.ActiveCfg = Release|Any CPU
		{B1C42722-6BC5-477D-B626-FCD28D9EFA75}.Release|x86.Build.0 = Release|Any CPU
		{130C73ED-F010-4971-A150-2FDC641BD83D}.Debug|Any CPU.ActiveCfg = Debug|Any CPU
		{130C73ED-F010-4971-A150-2FDC641BD83D}.Debug|Any CPU.Build.0 = Debug|Any CPU
		{130C73ED-F010-4971-A150-2FDC641BD83D}.Debug|ARM.ActiveCfg = Debug|Any CPU
		{130C73ED-F010-4971-A150-2FDC641BD83D}.Debug|ARM.Build.0 = Debug|Any CPU
		{130C73ED-F010-4971-A150-2FDC641BD83D}.Debug|x64.ActiveCfg = Debug|Any CPU
		{130C73ED-F010-4971-A150-2FDC641BD83D}.Debug|x64.Build.0 = Debug|Any CPU
		{130C73ED-F010-4971-A150-2FDC641BD83D}.Debug|x86.ActiveCfg = Debug|Any CPU
		{130C73ED-F010-4971-A150-2FDC641BD83D}.Debug|x86.Build.0 = Debug|Any CPU
		{130C73ED-F010-4971-A150-2FDC641BD83D}.Release|Any CPU.ActiveCfg = Release|Any CPU
		{130C73ED-F010-4971-A150-2FDC641BD83D}.Release|Any CPU.Build.0 = Release|Any CPU
		{130C73ED-F010-4971-A150-2FDC641BD83D}.Release|ARM.ActiveCfg = Release|Any CPU
		{130C73ED-F010-4971-A150-2FDC641BD83D}.Release|ARM.Build.0 = Release|Any CPU
		{130C73ED-F010-4971-A150-2FDC641BD83D}.Release|x64.ActiveCfg = Release|Any CPU
		{130C73ED-F010-4971-A150-2FDC641BD83D}.Release|x64.Build.0 = Release|Any CPU
		{130C73ED-F010-4971-A150-2FDC641BD83D}.Release|x86.ActiveCfg = Release|Any CPU
		{130C73ED-F010-4971-A150-2FDC641BD83D}.Release|x86.Build.0 = Release|Any CPU
		{5FB0B0FB-79FB-419F-B460-02C443017ED6}.Debug|Any CPU.ActiveCfg = Debug|Any CPU
		{5FB0B0FB-79FB-419F-B460-02C443017ED6}.Debug|Any CPU.Build.0 = Debug|Any CPU
		{5FB0B0FB-79FB-419F-B460-02C443017ED6}.Debug|ARM.ActiveCfg = Debug|Any CPU
		{5FB0B0FB-79FB-419F-B460-02C443017ED6}.Debug|ARM.Build.0 = Debug|Any CPU
		{5FB0B0FB-79FB-419F-B460-02C443017ED6}.Debug|x64.ActiveCfg = Debug|Any CPU
		{5FB0B0FB-79FB-419F-B460-02C443017ED6}.Debug|x64.Build.0 = Debug|Any CPU
		{5FB0B0FB-79FB-419F-B460-02C443017ED6}.Debug|x86.ActiveCfg = Debug|Any CPU
		{5FB0B0FB-79FB-419F-B460-02C443017ED6}.Debug|x86.Build.0 = Debug|Any CPU
		{5FB0B0FB-79FB-419F-B460-02C443017ED6}.Release|Any CPU.ActiveCfg = Release|Any CPU
		{5FB0B0FB-79FB-419F-B460-02C443017ED6}.Release|Any CPU.Build.0 = Release|Any CPU
		{5FB0B0FB-79FB-419F-B460-02C443017ED6}.Release|ARM.ActiveCfg = Release|Any CPU
		{5FB0B0FB-79FB-419F-B460-02C443017ED6}.Release|ARM.Build.0 = Release|Any CPU
		{5FB0B0FB-79FB-419F-B460-02C443017ED6}.Release|x64.ActiveCfg = Release|Any CPU
		{5FB0B0FB-79FB-419F-B460-02C443017ED6}.Release|x64.Build.0 = Release|Any CPU
		{5FB0B0FB-79FB-419F-B460-02C443017ED6}.Release|x86.ActiveCfg = Release|Any CPU
		{5FB0B0FB-79FB-419F-B460-02C443017ED6}.Release|x86.Build.0 = Release|Any CPU
		{0984065E-F68D-4DFE-9C2B-1C776D3DA281}.Debug|Any CPU.ActiveCfg = Debug|Any CPU
		{0984065E-F68D-4DFE-9C2B-1C776D3DA281}.Debug|Any CPU.Build.0 = Debug|Any CPU
		{0984065E-F68D-4DFE-9C2B-1C776D3DA281}.Debug|ARM.ActiveCfg = Debug|Any CPU
		{0984065E-F68D-4DFE-9C2B-1C776D3DA281}.Debug|ARM.Build.0 = Debug|Any CPU
		{0984065E-F68D-4DFE-9C2B-1C776D3DA281}.Debug|x64.ActiveCfg = Debug|Any CPU
		{0984065E-F68D-4DFE-9C2B-1C776D3DA281}.Debug|x64.Build.0 = Debug|Any CPU
		{0984065E-F68D-4DFE-9C2B-1C776D3DA281}.Debug|x86.ActiveCfg = Debug|Any CPU
		{0984065E-F68D-4DFE-9C2B-1C776D3DA281}.Debug|x86.Build.0 = Debug|Any CPU
		{0984065E-F68D-4DFE-9C2B-1C776D3DA281}.Release|Any CPU.ActiveCfg = Release|Any CPU
		{0984065E-F68D-4DFE-9C2B-1C776D3DA281}.Release|Any CPU.Build.0 = Release|Any CPU
		{0984065E-F68D-4DFE-9C2B-1C776D3DA281}.Release|ARM.ActiveCfg = Release|Any CPU
		{0984065E-F68D-4DFE-9C2B-1C776D3DA281}.Release|ARM.Build.0 = Release|Any CPU
		{0984065E-F68D-4DFE-9C2B-1C776D3DA281}.Release|x64.ActiveCfg = Release|Any CPU
		{0984065E-F68D-4DFE-9C2B-1C776D3DA281}.Release|x64.Build.0 = Release|Any CPU
		{0984065E-F68D-4DFE-9C2B-1C776D3DA281}.Release|x86.ActiveCfg = Release|Any CPU
		{0984065E-F68D-4DFE-9C2B-1C776D3DA281}.Release|x86.Build.0 = Release|Any CPU
	EndGlobalSection
	GlobalSection(SolutionProperties) = preSolution
		HideSolutionNode = FALSE
	EndGlobalSection
	GlobalSection(ExtensibilityGlobals) = postSolution
		SolutionGuid = {0133925F-4030-4E50-8C66-EC8B90EC8E0C}
	EndGlobalSection
EndGlobal
